
Microsoft Visual Studio Solution File, Format Version 12.00
# Visual Studio Version 17
VisualStudioVersion = 17.7.34009.444
MinimumVisualStudioVersion = 10.0.40219.1
Project("{FAE04EC0-301F-11D3-BF4B-00C04F79EFBC}") = "calculadora", "calculadora\calculadora.csproj", "{A2893FDF-1325-4AB1-B740-FCBABC95895D}"
EndProject
Global
	GlobalSection(SolutionConfigurationPlatforms) = preSolution
		Debug|Any CPU = Debug|Any CPU
		Release|Any CPU = Release|Any CPU
	EndGlobalSection
	GlobalSection(ProjectConfigurationPlatforms) = postSolution
		{A2893FDF-1325-4AB1-B740-FCBABC95895D}.Debug|Any CPU.ActiveCfg = Debug|Any CPU
		{A2893FDF-1325-4AB1-B740-FCBABC95895D}.Debug|Any CPU.Build.0 = Debug|Any CPU
		{A2893FDF-1325-4AB1-B740-FCBABC95895D}.Release|Any CPU.ActiveCfg = Release|Any CPU
		{A2893FDF-1325-4AB1-B740-FCBABC95895D}.Release|Any CPU.Build.0 = Release|Any CPU
	EndGlobalSection
	GlobalSection(SolutionProperties) = preSolution
		HideSolutionNode = FALSE
	EndGlobalSection
	GlobalSection(ExtensibilityGlobals) = postSolution
		SolutionGuid = {3F618555-BD6B-4FA0-87AB-EA5B0FC94108}
	EndGlobalSection
EndGlobal
